// !$*UTF8*$!
{
	archiveVersion = 1;
	classes = {
	};
	objectVersion = 51;
	objects = {

/* Begin PBXBuildFile section */
		10072EB51D8E602F52861F13 /* Pods_SUSTcast.framework in Frameworks */ = {isa = PBXBuildFile; fileRef = CFCF4F28D6D9A6343C7EC9C5 /* Pods_SUSTcast.framework */; };
		75075FC5266BE87700658408 /* SignUpViewController.swift in Sources */ = {isa = PBXBuildFile; fileRef = 75075FC4266BE87700658408 /* SignUpViewController.swift */; };
		75075FCA266BE8A500658408 /* LoginViewController.swift in Sources */ = {isa = PBXBuildFile; fileRef = 75075FC9266BE8A500658408 /* LoginViewController.swift */; };
		75075FCF266BE8BA00658408 /* HomeViewController.swift in Sources */ = {isa = PBXBuildFile; fileRef = 75075FCE266BE8BA00658408 /* HomeViewController.swift */; };
		7532C23A266C1229005BAE95 /* ForgoPassViewController.swift in Sources */ = {isa = PBXBuildFile; fileRef = 7532C239266C1229005BAE95 /* ForgoPassViewController.swift */; };
		7532C248266C2003005BAE95 /* Helper.swift in Sources */ = {isa = PBXBuildFile; fileRef = 7532C247266C2003005BAE95 /* Helper.swift */; };
		7532C24D266C201E005BAE95 /* Constants.swift in Sources */ = {isa = PBXBuildFile; fileRef = 7532C24C266C201E005BAE95 /* Constants.swift */; };
		7580D3262679005400E9E5AE /* StreamViewController.swift in Sources */ = {isa = PBXBuildFile; fileRef = 7580D3252679005400E9E5AE /* StreamViewController.swift */; };
		7580D32B2679006900E9E5AE /* NewsViewController.swift in Sources */ = {isa = PBXBuildFile; fileRef = 7580D32A2679006900E9E5AE /* NewsViewController.swift */; };
		7580D3302679007B00E9E5AE /* AboutViewController.swift in Sources */ = {isa = PBXBuildFile; fileRef = 7580D32F2679007B00E9E5AE /* AboutViewController.swift */; };
		7595CAF12614E4D600BBC719 /* AppDelegate.swift in Sources */ = {isa = PBXBuildFile; fileRef = 7595CAF02614E4D600BBC719 /* AppDelegate.swift */; };
		7595CAF32614E4D600BBC719 /* SceneDelegate.swift in Sources */ = {isa = PBXBuildFile; fileRef = 7595CAF22614E4D600BBC719 /* SceneDelegate.swift */; };
		7595CAF52614E4D600BBC719 /* ViewController.swift in Sources */ = {isa = PBXBuildFile; fileRef = 7595CAF42614E4D600BBC719 /* ViewController.swift */; };
		7595CAF82614E4D600BBC719 /* Main.storyboard in Resources */ = {isa = PBXBuildFile; fileRef = 7595CAF62614E4D600BBC719 /* Main.storyboard */; };
		7595CAFA2614E4D800BBC719 /* Assets.xcassets in Resources */ = {isa = PBXBuildFile; fileRef = 7595CAF92614E4D800BBC719 /* Assets.xcassets */; };
		7595CAFD2614E4D800BBC719 /* LaunchScreen.storyboard in Resources */ = {isa = PBXBuildFile; fileRef = 7595CAFB2614E4D800BBC719 /* LaunchScreen.storyboard */; };
		7595CB082614E4D900BBC719 /* SUSTcastTests.swift in Sources */ = {isa = PBXBuildFile; fileRef = 7595CB072614E4D900BBC719 /* SUSTcastTests.swift */; };
		7595CB132614E4D900BBC719 /* SUSTcastUITests.swift in Sources */ = {isa = PBXBuildFile; fileRef = 7595CB122614E4D900BBC719 /* SUSTcastUITests.swift */; };
		75F8F18E266CF26400EDE3ED /* GoogleService-Info.plist in Resources */ = {isa = PBXBuildFile; fileRef = 75F8F18D266CF26400EDE3ED /* GoogleService-Info.plist */; };
/* End PBXBuildFile section */

/* Begin PBXContainerItemProxy section */
		7595CB042614E4D900BBC719 /* PBXContainerItemProxy */ = {
			isa = PBXContainerItemProxy;
			containerPortal = 7595CAE52614E4D600BBC719 /* Project object */;
			proxyType = 1;
			remoteGlobalIDString = 7595CAEC2614E4D600BBC719;
			remoteInfo = SUSTcast;
		};
		7595CB0F2614E4D900BBC719 /* PBXContainerItemProxy */ = {
			isa = PBXContainerItemProxy;
			containerPortal = 7595CAE52614E4D600BBC719 /* Project object */;
			proxyType = 1;
			remoteGlobalIDString = 7595CAEC2614E4D600BBC719;
			remoteInfo = SUSTcast;
		};
/* End PBXContainerItemProxy section */

/* Begin PBXFileReference section */
		1A8B1A611D2120BA6D42C2E4 /* Pods-SUSTcast.debug.xcconfig */ = {isa = PBXFileReference; includeInIndex = 1; lastKnownFileType = text.xcconfig; name = "Pods-SUSTcast.debug.xcconfig"; path = "Target Support Files/Pods-SUSTcast/Pods-SUSTcast.debug.xcconfig"; sourceTree = "<group>"; };
		75075FC4266BE87700658408 /* SignUpViewController.swift */ = {isa = PBXFileReference; lastKnownFileType = sourcecode.swift; path = SignUpViewController.swift; sourceTree = "<group>"; };
		75075FC9266BE8A500658408 /* LoginViewController.swift */ = {isa = PBXFileReference; lastKnownFileType = sourcecode.swift; path = LoginViewController.swift; sourceTree = "<group>"; };
		75075FCE266BE8BA00658408 /* HomeViewController.swift */ = {isa = PBXFileReference; lastKnownFileType = sourcecode.swift; path = HomeViewController.swift; sourceTree = "<group>"; };
		7532C239266C1229005BAE95 /* ForgoPassViewController.swift */ = {isa = PBXFileReference; lastKnownFileType = sourcecode.swift; path = ForgoPassViewController.swift; sourceTree = "<group>"; };
		7532C247266C2003005BAE95 /* Helper.swift */ = {isa = PBXFileReference; lastKnownFileType = sourcecode.swift; path = Helper.swift; sourceTree = "<group>"; };
		7532C24C266C201E005BAE95 /* Constants.swift */ = {isa = PBXFileReference; lastKnownFileType = sourcecode.swift; path = Constants.swift; sourceTree = "<group>"; };
		7580D3252679005400E9E5AE /* StreamViewController.swift */ = {isa = PBXFileReference; lastKnownFileType = sourcecode.swift; path = StreamViewController.swift; sourceTree = "<group>"; };
		7580D32A2679006900E9E5AE /* NewsViewController.swift */ = {isa = PBXFileReference; lastKnownFileType = sourcecode.swift; path = NewsViewController.swift; sourceTree = "<group>"; };
		7580D32F2679007B00E9E5AE /* AboutViewController.swift */ = {isa = PBXFileReference; lastKnownFileType = sourcecode.swift; path = AboutViewController.swift; sourceTree = "<group>"; };
		7595CAED2614E4D600BBC719 /* SUSTcast.app */ = {isa = PBXFileReference; explicitFileType = wrapper.application; includeInIndex = 0; path = SUSTcast.app; sourceTree = BUILT_PRODUCTS_DIR; };
		7595CAF02614E4D600BBC719 /* AppDelegate.swift */ = {isa = PBXFileReference; lastKnownFileType = sourcecode.swift; path = AppDelegate.swift; sourceTree = "<group>"; };
		7595CAF22614E4D600BBC719 /* SceneDelegate.swift */ = {isa = PBXFileReference; lastKnownFileType = sourcecode.swift; path = SceneDelegate.swift; sourceTree = "<group>"; };
		7595CAF42614E4D600BBC719 /* ViewController.swift */ = {isa = PBXFileReference; lastKnownFileType = sourcecode.swift; path = ViewController.swift; sourceTree = "<group>"; };
		7595CAF72614E4D600BBC719 /* Base */ = {isa = PBXFileReference; lastKnownFileType = file.storyboard; name = Base; path = Base.lproj/Main.storyboard; sourceTree = "<group>"; };
		7595CAF92614E4D800BBC719 /* Assets.xcassets */ = {isa = PBXFileReference; lastKnownFileType = folder.assetcatalog; path = Assets.xcassets; sourceTree = "<group>"; };
		7595CAFC2614E4D800BBC719 /* Base */ = {isa = PBXFileReference; lastKnownFileType = file.storyboard; name = Base; path = Base.lproj/LaunchScreen.storyboard; sourceTree = "<group>"; };
		7595CAFE2614E4D800BBC719 /* Info.plist */ = {isa = PBXFileReference; lastKnownFileType = text.plist.xml; path = Info.plist; sourceTree = "<group>"; };
		7595CB032614E4D900BBC719 /* SUSTcastTests.xctest */ = {isa = PBXFileReference; explicitFileType = wrapper.cfbundle; includeInIndex = 0; path = SUSTcastTests.xctest; sourceTree = BUILT_PRODUCTS_DIR; };
		7595CB072614E4D900BBC719 /* SUSTcastTests.swift */ = {isa = PBXFileReference; lastKnownFileType = sourcecode.swift; path = SUSTcastTests.swift; sourceTree = "<group>"; };
		7595CB092614E4D900BBC719 /* Info.plist */ = {isa = PBXFileReference; lastKnownFileType = text.plist.xml; path = Info.plist; sourceTree = "<group>"; };
		7595CB0E2614E4D900BBC719 /* SUSTcastUITests.xctest */ = {isa = PBXFileReference; explicitFileType = wrapper.cfbundle; includeInIndex = 0; path = SUSTcastUITests.xctest; sourceTree = BUILT_PRODUCTS_DIR; };
		7595CB122614E4D900BBC719 /* SUSTcastUITests.swift */ = {isa = PBXFileReference; lastKnownFileType = sourcecode.swift; path = SUSTcastUITests.swift; sourceTree = "<group>"; };
		7595CB142614E4D900BBC719 /* Info.plist */ = {isa = PBXFileReference; lastKnownFileType = text.plist.xml; path = Info.plist; sourceTree = "<group>"; };
		75F8F18D266CF26400EDE3ED /* GoogleService-Info.plist */ = {isa = PBXFileReference; fileEncoding = 4; lastKnownFileType = text.plist.xml; name = "GoogleService-Info.plist"; path = "../../../Downloads/GoogleService-Info.plist"; sourceTree = "<group>"; };
		9DBA85F876270060044D3EC4 /* Pods-SUSTcast.release.xcconfig */ = {isa = PBXFileReference; includeInIndex = 1; lastKnownFileType = text.xcconfig; name = "Pods-SUSTcast.release.xcconfig"; path = "Target Support Files/Pods-SUSTcast/Pods-SUSTcast.release.xcconfig"; sourceTree = "<group>"; };
		CFCF4F28D6D9A6343C7EC9C5 /* Pods_SUSTcast.framework */ = {isa = PBXFileReference; explicitFileType = wrapper.framework; includeInIndex = 0; path = Pods_SUSTcast.framework; sourceTree = BUILT_PRODUCTS_DIR; };
/* End PBXFileReference section */

/* Begin PBXFrameworksBuildPhase section */
		7595CAEA2614E4D600BBC719 /* Frameworks */ = {
			isa = PBXFrameworksBuildPhase;
			buildActionMask = 2147483647;
			files = (
				10072EB51D8E602F52861F13 /* Pods_SUSTcast.framework in Frameworks */,
			);
			runOnlyForDeploymentPostprocessing = 0;
		};
		7595CB002614E4D900BBC719 /* Frameworks */ = {
			isa = PBXFrameworksBuildPhase;
			buildActionMask = 2147483647;
			files = (
			);
			runOnlyForDeploymentPostprocessing = 0;
		};
		7595CB0B2614E4D900BBC719 /* Frameworks */ = {
			isa = PBXFrameworksBuildPhase;
			buildActionMask = 2147483647;
			files = (
			);
			runOnlyForDeploymentPostprocessing = 0;
		};
/* End PBXFrameworksBuildPhase section */

/* Begin PBXGroup section */
		75075FD3266BE8C200658408 /* View Controllers */ = {
			isa = PBXGroup;
			children = (
				7595CAF42614E4D600BBC719 /* ViewController.swift */,
				75075FC4266BE87700658408 /* SignUpViewController.swift */,
				75075FC9266BE8A500658408 /* LoginViewController.swift */,
				75075FCE266BE8BA00658408 /* HomeViewController.swift */,
				7532C239266C1229005BAE95 /* ForgoPassViewController.swift */,
				7580D3252679005400E9E5AE /* StreamViewController.swift */,
				7580D32A2679006900E9E5AE /* NewsViewController.swift */,
				7580D32F2679007B00E9E5AE /* AboutViewController.swift */,
			);
			path = "View Controllers";
			sourceTree = "<group>";
		};
		7532C23E266C1FAE005BAE95 /* Utils */ = {
			isa = PBXGroup;
			children = (
				7532C247266C2003005BAE95 /* Helper.swift */,
				7532C24C266C201E005BAE95 /* Constants.swift */,
			);
			path = Utils;
			sourceTree = "<group>";
		};
		7595CAE42614E4D600BBC719 = {
			isa = PBXGroup;
			children = (
				7595CAEF2614E4D600BBC719 /* SUSTcast */,
				7595CB062614E4D900BBC719 /* SUSTcastTests */,
				7595CB112614E4D900BBC719 /* SUSTcastUITests */,
				7595CAEE2614E4D600BBC719 /* Products */,
				90C0EDE90ACA64AADAC106DE /* Pods */,
				FE8BD5435BB4B07209FBCC8B /* Frameworks */,
			);
			sourceTree = "<group>";
		};
		7595CAEE2614E4D600BBC719 /* Products */ = {
			isa = PBXGroup;
			children = (
				7595CAED2614E4D600BBC719 /* SUSTcast.app */,
				7595CB032614E4D900BBC719 /* SUSTcastTests.xctest */,
				7595CB0E2614E4D900BBC719 /* SUSTcastUITests.xctest */,
			);
			name = Products;
			sourceTree = "<group>";
		};
		7595CAEF2614E4D600BBC719 /* SUSTcast */ = {
			isa = PBXGroup;
			children = (
				75F8F18D266CF26400EDE3ED /* GoogleService-Info.plist */,
				7532C23E266C1FAE005BAE95 /* Utils */,
				75075FD3266BE8C200658408 /* View Controllers */,
				7595CAF02614E4D600BBC719 /* AppDelegate.swift */,
				7595CAF22614E4D600BBC719 /* SceneDelegate.swift */,
				7595CAF62614E4D600BBC719 /* Main.storyboard */,
				7595CAF92614E4D800BBC719 /* Assets.xcassets */,
				7595CAFB2614E4D800BBC719 /* LaunchScreen.storyboard */,
				7595CAFE2614E4D800BBC719 /* Info.plist */,
			);
			path = SUSTcast;
			sourceTree = "<group>";
		};
		7595CB062614E4D900BBC719 /* SUSTcastTests */ = {
			isa = PBXGroup;
			children = (
				7595CB072614E4D900BBC719 /* SUSTcastTests.swift */,
				7595CB092614E4D900BBC719 /* Info.plist */,
			);
			path = SUSTcastTests;
			sourceTree = "<group>";
		};
		7595CB112614E4D900BBC719 /* SUSTcastUITests */ = {
			isa = PBXGroup;
			children = (
				7595CB122614E4D900BBC719 /* SUSTcastUITests.swift */,
				7595CB142614E4D900BBC719 /* Info.plist */,
			);
			path = SUSTcastUITests;
			sourceTree = "<group>";
		};
		90C0EDE90ACA64AADAC106DE /* Pods */ = {
			isa = PBXGroup;
			children = (
				1A8B1A611D2120BA6D42C2E4 /* Pods-SUSTcast.debug.xcconfig */,
				9DBA85F876270060044D3EC4 /* Pods-SUSTcast.release.xcconfig */,
			);
			path = Pods;
			sourceTree = "<group>";
		};
		FE8BD5435BB4B07209FBCC8B /* Frameworks */ = {
			isa = PBXGroup;
			children = (
				CFCF4F28D6D9A6343C7EC9C5 /* Pods_SUSTcast.framework */,
			);
			name = Frameworks;
			sourceTree = "<group>";
		};
/* End PBXGroup section */

/* Begin PBXNativeTarget section */
		7595CAEC2614E4D600BBC719 /* SUSTcast */ = {
			isa = PBXNativeTarget;
			buildConfigurationList = 7595CB172614E4D900BBC719 /* Build configuration list for PBXNativeTarget "SUSTcast" */;
			buildPhases = (
				16AAE04EC9E16EEE9D30CC56 /* [CP] Check Pods Manifest.lock */,
				7595CAE92614E4D600BBC719 /* Sources */,
				7595CAEA2614E4D600BBC719 /* Frameworks */,
				7595CAEB2614E4D600BBC719 /* Resources */,
				5BB7C8B9AEA4AAD0CB20DCC9 /* [CP] Embed Pods Frameworks */,
			);
			buildRules = (
			);
			dependencies = (
			);
			name = SUSTcast;
			productName = SUSTcast;
			productReference = 7595CAED2614E4D600BBC719 /* SUSTcast.app */;
			productType = "com.apple.product-type.application";
		};
		7595CB022614E4D900BBC719 /* SUSTcastTests */ = {
			isa = PBXNativeTarget;
			buildConfigurationList = 7595CB1A2614E4D900BBC719 /* Build configuration list for PBXNativeTarget "SUSTcastTests" */;
			buildPhases = (
				7595CAFF2614E4D900BBC719 /* Sources */,
				7595CB002614E4D900BBC719 /* Frameworks */,
				7595CB012614E4D900BBC719 /* Resources */,
			);
			buildRules = (
			);
			dependencies = (
				7595CB052614E4D900BBC719 /* PBXTargetDependency */,
			);
			name = SUSTcastTests;
			productName = SUSTcastTests;
			productReference = 7595CB032614E4D900BBC719 /* SUSTcastTests.xctest */;
			productType = "com.apple.product-type.bundle.unit-test";
		};
		7595CB0D2614E4D900BBC719 /* SUSTcastUITests */ = {
			isa = PBXNativeTarget;
			buildConfigurationList = 7595CB1D2614E4D900BBC719 /* Build configuration list for PBXNativeTarget "SUSTcastUITests" */;
			buildPhases = (
				7595CB0A2614E4D900BBC719 /* Sources */,
				7595CB0B2614E4D900BBC719 /* Frameworks */,
				7595CB0C2614E4D900BBC719 /* Resources */,
			);
			buildRules = (
			);
			dependencies = (
				7595CB102614E4D900BBC719 /* PBXTargetDependency */,
			);
			name = SUSTcastUITests;
			productName = SUSTcastUITests;
			productReference = 7595CB0E2614E4D900BBC719 /* SUSTcastUITests.xctest */;
			productType = "com.apple.product-type.bundle.ui-testing";
		};
/* End PBXNativeTarget section */

/* Begin PBXProject section */
		7595CAE52614E4D600BBC719 /* Project object */ = {
			isa = PBXProject;
			attributes = {
				LastSwiftUpdateCheck = 1240;
				LastUpgradeCheck = 1240;
				ORGANIZATIONNAME = "";
				TargetAttributes = {
					7595CAEC2614E4D600BBC719 = {
						CreatedOnToolsVersion = 12.4;
					};
					7595CB022614E4D900BBC719 = {
						CreatedOnToolsVersion = 12.4;
						TestTargetID = 7595CAEC2614E4D600BBC719;
					};
					7595CB0D2614E4D900BBC719 = {
						CreatedOnToolsVersion = 12.4;
						TestTargetID = 7595CAEC2614E4D600BBC719;
					};
				};
			};
			buildConfigurationList = 7595CAE82614E4D600BBC719 /* Build configuration list for PBXProject "SUSTcast" */;
			compatibilityVersion = "Xcode 9.3";
			developmentRegion = en;
			hasScannedForEncodings = 0;
			knownRegions = (
				en,
				Base,
			);
			mainGroup = 7595CAE42614E4D600BBC719;
			productRefGroup = 7595CAEE2614E4D600BBC719 /* Products */;
			projectDirPath = "";
			projectRoot = "";
			targets = (
				7595CAEC2614E4D600BBC719 /* SUSTcast */,
				7595CB022614E4D900BBC719 /* SUSTcastTests */,
				7595CB0D2614E4D900BBC719 /* SUSTcastUITests */,
			);
		};
/* End PBXProject section */

/* Begin PBXResourcesBuildPhase section */
		7595CAEB2614E4D600BBC719 /* Resources */ = {
			isa = PBXResourcesBuildPhase;
			buildActionMask = 2147483647;
			files = (
				7595CAFD2614E4D800BBC719 /* LaunchScreen.storyboard in Resources */,
				75F8F18E266CF26400EDE3ED /* GoogleService-Info.plist in Resources */,
				7595CAFA2614E4D800BBC719 /* Assets.xcassets in Resources */,
				7595CAF82614E4D600BBC719 /* Main.storyboard in Resources */,
			);
			runOnlyForDeploymentPostprocessing = 0;
		};
		7595CB012614E4D900BBC719 /* Resources */ = {
			isa = PBXResourcesBuildPhase;
			buildActionMask = 2147483647;
			files = (
			);
			runOnlyForDeploymentPostprocessing = 0;
		};
		7595CB0C2614E4D900BBC719 /* Resources */ = {
			isa = PBXResourcesBuildPhase;
			buildActionMask = 2147483647;
			files = (
			);
			runOnlyForDeploymentPostprocessing = 0;
		};
/* End PBXResourcesBuildPhase section */

/* Begin PBXShellScriptBuildPhase section */
		16AAE04EC9E16EEE9D30CC56 /* [CP] Check Pods Manifest.lock */ = {
			isa = PBXShellScriptBuildPhase;
			buildActionMask = 2147483647;
			files = (
			);
			inputFileListPaths = (
			);
			inputPaths = (
				"${PODS_PODFILE_DIR_PATH}/Podfile.lock",
				"${PODS_ROOT}/Manifest.lock",
			);
			name = "[CP] Check Pods Manifest.lock";
			outputFileListPaths = (
			);
			outputPaths = (
				"$(DERIVED_FILE_DIR)/Pods-SUSTcast-checkManifestLockResult.txt",
			);
			runOnlyForDeploymentPostprocessing = 0;
			shellPath = /bin/sh;
			shellScript = "diff \"${PODS_PODFILE_DIR_PATH}/Podfile.lock\" \"${PODS_ROOT}/Manifest.lock\" > /dev/null\nif [ $? != 0 ] ; then\n    # print error to STDERR\n    echo \"error: The sandbox is not in sync with the Podfile.lock. Run 'pod install' or update your CocoaPods installation.\" >&2\n    exit 1\nfi\n# This output is used by Xcode 'outputs' to avoid re-running this script phase.\necho \"SUCCESS\" > \"${SCRIPT_OUTPUT_FILE_0}\"\n";
			showEnvVarsInLog = 0;
		};
		5BB7C8B9AEA4AAD0CB20DCC9 /* [CP] Embed Pods Frameworks */ = {
			isa = PBXShellScriptBuildPhase;
			buildActionMask = 2147483647;
			files = (
			);
			inputFileListPaths = (
				"${PODS_ROOT}/Target Support Files/Pods-SUSTcast/Pods-SUSTcast-frameworks-${CONFIGURATION}-input-files.xcfilelist",
			);
			name = "[CP] Embed Pods Frameworks";
			outputFileListPaths = (
				"${PODS_ROOT}/Target Support Files/Pods-SUSTcast/Pods-SUSTcast-frameworks-${CONFIGURATION}-output-files.xcfilelist",
			);
			runOnlyForDeploymentPostprocessing = 0;
			shellPath = /bin/sh;
			shellScript = "\"${PODS_ROOT}/Target Support Files/Pods-SUSTcast/Pods-SUSTcast-frameworks.sh\"\n";
			showEnvVarsInLog = 0;
		};
/* End PBXShellScriptBuildPhase section */

/* Begin PBXSourcesBuildPhase section */
		7595CAE92614E4D600BBC719 /* Sources */ = {
			isa = PBXSourcesBuildPhase;
			buildActionMask = 2147483647;
			files = (
				7580D3262679005400E9E5AE /* StreamViewController.swift in Sources */,
				7595CAF52614E4D600BBC719 /* ViewController.swift in Sources */,
				7532C23A266C1229005BAE95 /* ForgoPassViewController.swift in Sources */,
				7595CAF12614E4D600BBC719 /* AppDelegate.swift in Sources */,
				7580D32B2679006900E9E5AE /* NewsViewController.swift in Sources */,
				75075FC5266BE87700658408 /* SignUpViewController.swift in Sources */,
				7580D3302679007B00E9E5AE /* AboutViewController.swift in Sources */,
				75075FCA266BE8A500658408 /* LoginViewController.swift in Sources */,
				7595CAF32614E4D600BBC719 /* SceneDelegate.swift in Sources */,
				75075FCF266BE8BA00658408 /* HomeViewController.swift in Sources */,
				7532C248266C2003005BAE95 /* Helper.swift in Sources */,
				7532C24D266C201E005BAE95 /* Constants.swift in Sources */,
			);
			runOnlyForDeploymentPostprocessing = 0;
		};
		7595CAFF2614E4D900BBC719 /* Sources */ = {
			isa = PBXSourcesBuildPhase;
			buildActionMask = 2147483647;
			files = (
				7595CB082614E4D900BBC719 /* SUSTcastTests.swift in Sources */,
			);
			runOnlyForDeploymentPostprocessing = 0;
		};
		7595CB0A2614E4D900BBC719 /* Sources */ = {
			isa = PBXSourcesBuildPhase;
			buildActionMask = 2147483647;
			files = (
				7595CB132614E4D900BBC719 /* SUSTcastUITests.swift in Sources */,
			);
			runOnlyForDeploymentPostprocessing = 0;
		};
/* End PBXSourcesBuildPhase section */

/* Begin PBXTargetDependency section */
		7595CB052614E4D900BBC719 /* PBXTargetDependency */ = {
			isa = PBXTargetDependency;
			target = 7595CAEC2614E4D600BBC719 /* SUSTcast */;
			targetProxy = 7595CB042614E4D900BBC719 /* PBXContainerItemProxy */;
		};
		7595CB102614E4D900BBC719 /* PBXTargetDependency */ = {
			isa = PBXTargetDependency;
			target = 7595CAEC2614E4D600BBC719 /* SUSTcast */;
			targetProxy = 7595CB0F2614E4D900BBC719 /* PBXContainerItemProxy */;
		};
/* End PBXTargetDependency section */

/* Begin PBXVariantGroup section */
		7595CAF62614E4D600BBC719 /* Main.storyboard */ = {
			isa = PBXVariantGroup;
			children = (
				7595CAF72614E4D600BBC719 /* Base */,
			);
			name = Main.storyboard;
			sourceTree = "<group>";
		};
		7595CAFB2614E4D800BBC719 /* LaunchScreen.storyboard */ = {
			isa = PBXVariantGroup;
			children = (
				7595CAFC2614E4D800BBC719 /* Base */,
			);
			name = LaunchScreen.storyboard;
			sourceTree = "<group>";
		};
/* End PBXVariantGroup section */

/* Begin XCBuildConfiguration section */
		7595CB152614E4D900BBC719 /* Debug */ = {
			isa = XCBuildConfiguration;
			buildSettings = {
				ALWAYS_SEARCH_USER_PATHS = NO;
				CLANG_ANALYZER_NONNULL = YES;
				CLANG_ANALYZER_NUMBER_OBJECT_CONVERSION = YES_AGGRESSIVE;
				CLANG_CXX_LANGUAGE_STANDARD = "gnu++14";
				CLANG_CXX_LIBRARY = "libc++";
				CLANG_ENABLE_MODULES = YES;
				CLANG_ENABLE_OBJC_ARC = YES;
				CLANG_ENABLE_OBJC_WEAK = YES;
				CLANG_WARN_BLOCK_CAPTURE_AUTORELEASING = YES;
				CLANG_WARN_BOOL_CONVERSION = YES;
				CLANG_WARN_COMMA = YES;
				CLANG_WARN_CONSTANT_CONVERSION = YES;
				CLANG_WARN_DEPRECATED_OBJC_IMPLEMENTATIONS = YES;
				CLANG_WARN_DIRECT_OBJC_ISA_USAGE = YES_ERROR;
				CLANG_WARN_DOCUMENTATION_COMMENTS = YES;
				CLANG_WARN_EMPTY_BODY = YES;
				CLANG_WARN_ENUM_CONVERSION = YES;
				CLANG_WARN_INFINITE_RECURSION = YES;
				CLANG_WARN_INT_CONVERSION = YES;
				CLANG_WARN_NON_LITERAL_NULL_CONVERSION = YES;
				CLANG_WARN_OBJC_IMPLICIT_RETAIN_SELF = YES;
				CLANG_WARN_OBJC_LITERAL_CONVERSION = YES;
				CLANG_WARN_OBJC_ROOT_CLASS = YES_ERROR;
				CLANG_WARN_QUOTED_INCLUDE_IN_FRAMEWORK_HEADER = YES;
				CLANG_WARN_RANGE_LOOP_ANALYSIS = YES;
				CLANG_WARN_STRICT_PROTOTYPES = YES;
				CLANG_WARN_SUSPICIOUS_MOVE = YES;
				CLANG_WARN_UNGUARDED_AVAILABILITY = YES_AGGRESSIVE;
				CLANG_WARN_UNREACHABLE_CODE = YES;
				CLANG_WARN__DUPLICATE_METHOD_MATCH = YES;
				COPY_PHASE_STRIP = NO;
				DEBUG_INFORMATION_FORMAT = dwarf;
				ENABLE_STRICT_OBJC_MSGSEND = YES;
				ENABLE_TESTABILITY = YES;
				GCC_C_LANGUAGE_STANDARD = gnu11;
				GCC_DYNAMIC_NO_PIC = NO;
				GCC_NO_COMMON_BLOCKS = YES;
				GCC_OPTIMIZATION_LEVEL = 0;
				GCC_PREPROCESSOR_DEFINITIONS = (
					"DEBUG=1",
					"$(inherited)",
				);
				GCC_WARN_64_TO_32_BIT_CONVERSION = YES;
				GCC_WARN_ABOUT_RETURN_TYPE = YES_ERROR;
				GCC_WARN_UNDECLARED_SELECTOR = YES;
				GCC_WARN_UNINITIALIZED_AUTOS = YES_AGGRESSIVE;
				GCC_WARN_UNUSED_FUNCTION = YES;
				GCC_WARN_UNUSED_VARIABLE = YES;
				IPHONEOS_DEPLOYMENT_TARGET = 14.4;
				MTL_ENABLE_DEBUG_INFO = INCLUDE_SOURCE;
				MTL_FAST_MATH = YES;
				ONLY_ACTIVE_ARCH = YES;
				SDKROOT = iphoneos;
				SWIFT_ACTIVE_COMPILATION_CONDITIONS = DEBUG;
				SWIFT_OPTIMIZATION_LEVEL = "-Onone";
			};
			name = Debug;
		};
		7595CB162614E4D900BBC719 /* Release */ = {
			isa = XCBuildConfiguration;
			buildSettings = {
				ALWAYS_SEARCH_USER_PATHS = NO;
				CLANG_ANALYZER_NONNULL = YES;
				CLANG_ANALYZER_NUMBER_OBJECT_CONVERSION = YES_AGGRESSIVE;
				CLANG_CXX_LANGUAGE_STANDARD = "gnu++14";
				CLANG_CXX_LIBRARY = "libc++";
				CLANG_ENABLE_MODULES = YES;
				CLANG_ENABLE_OBJC_ARC = YES;
				CLANG_ENABLE_OBJC_WEAK = YES;
				CLANG_WARN_BLOCK_CAPTURE_AUTORELEASING = YES;
				CLANG_WARN_BOOL_CONVERSION = YES;
				CLANG_WARN_COMMA = YES;
				CLANG_WARN_CONSTANT_CONVERSION = YES;
				CLANG_WARN_DEPRECATED_OBJC_IMPLEMENTATIONS = YES;
				CLANG_WARN_DIRECT_OBJC_ISA_USAGE = YES_ERROR;
				CLANG_WARN_DOCUMENTATION_COMMENTS = YES;
				CLANG_WARN_EMPTY_BODY = YES;
				CLANG_WARN_ENUM_CONVERSION = YES;
				CLANG_WARN_INFINITE_RECURSION = YES;
				CLANG_WARN_INT_CONVERSION = YES;
				CLANG_WARN_NON_LITERAL_NULL_CONVERSION = YES;
				CLANG_WARN_OBJC_IMPLICIT_RETAIN_SELF = YES;
				CLANG_WARN_OBJC_LITERAL_CONVERSION = YES;
				CLANG_WARN_OBJC_ROOT_CLASS = YES_ERROR;
				CLANG_WARN_QUOTED_INCLUDE_IN_FRAMEWORK_HEADER = YES;
				CLANG_WARN_RANGE_LOOP_ANALYSIS = YES;
				CLANG_WARN_STRICT_PROTOTYPES = YES;
				CLANG_WARN_SUSPICIOUS_MOVE = YES;
				CLANG_WARN_UNGUARDED_AVAILABILITY = YES_AGGRESSIVE;
				CLANG_WARN_UNREACHABLE_CODE = YES;
				CLANG_WARN__DUPLICATE_METHOD_MATCH = YES;
				COPY_PHASE_STRIP = NO;
				DEBUG_INFORMATION_FORMAT = "dwarf-with-dsym";
				ENABLE_NS_ASSERTIONS = NO;
				ENABLE_STRICT_OBJC_MSGSEND = YES;
				GCC_C_LANGUAGE_STANDARD = gnu11;
				GCC_NO_COMMON_BLOCKS = YES;
				GCC_WARN_64_TO_32_BIT_CONVERSION = YES;
				GCC_WARN_ABOUT_RETURN_TYPE = YES_ERROR;
				GCC_WARN_UNDECLARED_SELECTOR = YES;
				GCC_WARN_UNINITIALIZED_AUTOS = YES_AGGRESSIVE;
				GCC_WARN_UNUSED_FUNCTION = YES;
				GCC_WARN_UNUSED_VARIABLE = YES;
				IPHONEOS_DEPLOYMENT_TARGET = 14.4;
				MTL_ENABLE_DEBUG_INFO = NO;
				MTL_FAST_MATH = YES;
				SDKROOT = iphoneos;
				SWIFT_COMPILATION_MODE = wholemodule;
				SWIFT_OPTIMIZATION_LEVEL = "-O";
				VALIDATE_PRODUCT = YES;
			};
			name = Release;
		};
		7595CB182614E4D900BBC719 /* Debug */ = {
			isa = XCBuildConfiguration;
			baseConfigurationReference = 1A8B1A611D2120BA6D42C2E4 /* Pods-SUSTcast.debug.xcconfig */;
			buildSettings = {
				ASSETCATALOG_COMPILER_APPICON_NAME = AppIcon;
				ASSETCATALOG_COMPILER_GLOBAL_ACCENT_COLOR_NAME = AccentColor;
				CODE_SIGN_STYLE = Automatic;
				INFOPLIST_FILE = SUSTcast/Info.plist;
				LD_RUNPATH_SEARCH_PATHS = (
					"$(inherited)",
					"@executable_path/Frameworks",
				);
				PRODUCT_BUNDLE_IDENTIFIER = com.sust.sustcast;
				PRODUCT_NAME = "$(TARGET_NAME)";
				SWIFT_VERSION = 5.0;
				TARGETED_DEVICE_FAMILY = "1,2";
			};
			name = Debug;
		};
		7595CB192614E4D900BBC719 /* Release */ = {
			isa = XCBuildConfiguration;
			baseConfigurationReference = 9DBA85F876270060044D3EC4 /* Pods-SUSTcast.release.xcconfig */;
			buildSettings = {
				ASSETCATALOG_COMPILER_APPICON_NAME = AppIcon;
				ASSETCATALOG_COMPILER_GLOBAL_ACCENT_COLOR_NAME = AccentColor;
				CODE_SIGN_STYLE = Automatic;
				INFOPLIST_FILE = SUSTcast/Info.plist;
				LD_RUNPATH_SEARCH_PATHS = (
					"$(inherited)",
					"@executable_path/Frameworks",
				);
				PRODUCT_BUNDLE_IDENTIFIER = com.sust.sustcast;
				PRODUCT_NAME = "$(TARGET_NAME)";
				SWIFT_VERSION = 5.0;
				TARGETED_DEVICE_FAMILY = "1,2";
			};
			name = Release;
		};
		7595CB1B2614E4D900BBC719 /* Debug */ = {
			isa = XCBuildConfiguration;
			buildSettings = {
				ALWAYS_EMBED_SWIFT_STANDARD_LIBRARIES = YES;
				BUNDLE_LOADER = "$(TEST_HOST)";
				CODE_SIGN_STYLE = Automatic;
				INFOPLIST_FILE = SUSTcastTests/Info.plist;
				IPHONEOS_DEPLOYMENT_TARGET = 14.4;
				LD_RUNPATH_SEARCH_PATHS = (
					"$(inherited)",
					"@executable_path/Frameworks",
					"@loader_path/Frameworks",
				);
				PRODUCT_BUNDLE_IDENTIFIER = com.sust.SUSTcastTests;
				PRODUCT_NAME = "$(TARGET_NAME)";
				SWIFT_VERSION = 5.0;
				TARGETED_DEVICE_FAMILY = "1,2";
				TEST_HOST = "$(BUILT_PRODUCTS_DIR)/SUSTcast.app/SUSTcast";
			};
			name = Debug;
		};
		7595CB1C2614E4D900BBC719 /* Release */ = {
			isa = XCBuildConfiguration;
			buildSettings = {
				ALWAYS_EMBED_SWIFT_STANDARD_LIBRARIES = YES;
				BUNDLE_LOADER = "$(TEST_HOST)";
				CODE_SIGN_STYLE = Automatic;
				INFOPLIST_FILE = SUSTcastTests/Info.plist;
				IPHONEOS_DEPLOYMENT_TARGET = 14.4;
				LD_RUNPATH_SEARCH_PATHS = (
					"$(inherited)",
					"@executable_path/Frameworks",
					"@loader_path/Frameworks",
				);
				PRODUCT_BUNDLE_IDENTIFIER = com.sust.SUSTcastTests;
				PRODUCT_NAME = "$(TARGET_NAME)";
				SWIFT_VERSION = 5.0;
				TARGETED_DEVICE_FAMILY = "1,2";
				TEST_HOST = "$(BUILT_PRODUCTS_DIR)/SUSTcast.app/SUSTcast";
			};
			name = Release;
		};
		7595CB1E2614E4D900BBC719 /* Debug */ = {
			isa = XCBuildConfiguration;
			buildSettings = {
				ALWAYS_EMBED_SWIFT_STANDARD_LIBRARIES = YES;
				CODE_SIGN_STYLE = Automatic;
				INFOPLIST_FILE = SUSTcastUITests/Info.plist;
				LD_RUNPATH_SEARCH_PATHS = (
					"$(inherited)",
					"@executable_path/Frameworks",
					"@loader_path/Frameworks",
				);
				PRODUCT_BUNDLE_IDENTIFIER = com.sust.SUSTcastUITests;
				PRODUCT_NAME = "$(TARGET_NAME)";
				SWIFT_VERSION = 5.0;
				TARGETED_DEVICE_FAMILY = "1,2";
				TEST_TARGET_NAME = SUSTcast;
			};
			name = Debug;
		};
		7595CB1F2614E4D900BBC719 /* Release */ = {
			isa = XCBuildConfiguration;
			buildSettings = {
				ALWAYS_EMBED_SWIFT_STANDARD_LIBRARIES = YES;
				CODE_SIGN_STYLE = Automatic;
				INFOPLIST_FILE = SUSTcastUITests/Info.plist;
				LD_RUNPATH_SEARCH_PATHS = (
					"$(inherited)",
					"@executable_path/Frameworks",
					"@loader_path/Frameworks",
				);
				PRODUCT_BUNDLE_IDENTIFIER = com.sust.SUSTcastUITests;
				PRODUCT_NAME = "$(TARGET_NAME)";
				SWIFT_VERSION = 5.0;
				TARGETED_DEVICE_FAMILY = "1,2";
				TEST_TARGET_NAME = SUSTcast;
			};
			name = Release;
		};
/* End XCBuildConfiguration section */

/* Begin XCConfigurationList section */
		7595CAE82614E4D600BBC719 /* Build configuration list for PBXProject "SUSTcast" */ = {
			isa = XCConfigurationList;
			buildConfigurations = (
				7595CB152614E4D900BBC719 /* Debug */,
				7595CB162614E4D900BBC719 /* Release */,
			);
			defaultConfigurationIsVisible = 0;
			defaultConfigurationName = Release;
		};
		7595CB172614E4D900BBC719 /* Build configuration list for PBXNativeTarget "SUSTcast" */ = {
			isa = XCConfigurationList;
			buildConfigurations = (
				7595CB182614E4D900BBC719 /* Debug */,
				7595CB192614E4D900BBC719 /* Release */,
			);
			defaultConfigurationIsVisible = 0;
			defaultConfigurationName = Release;
		};
		7595CB1A2614E4D900BBC719 /* Build configuration list for PBXNativeTarget "SUSTcastTests" */ = {
			isa = XCConfigurationList;
			buildConfigurations = (
				7595CB1B2614E4D900BBC719 /* Debug */,
				7595CB1C2614E4D900BBC719 /* Release */,
			);
			defaultConfigurationIsVisible = 0;
			defaultConfigurationName = Release;
		};
		7595CB1D2614E4D900BBC719 /* Build configuration list for PBXNativeTarget "SUSTcastUITests" */ = {
			isa = XCConfigurationList;
			buildConfigurations = (
				7595CB1E2614E4D900BBC719 /* Debug */,
				7595CB1F2614E4D900BBC719 /* Release */,
			);
			defaultConfigurationIsVisible = 0;
			defaultConfigurationName = Release;
		};
/* End XCConfigurationList section */
	};
	rootObject = 7595CAE52614E4D600BBC719 /* Project object */;
}
